{
  "name": "worldCereal-features2placesGenerator",
  "version": "0.0.1",
  "lockfileVersion": 2,
  "requires": true,
  "packages": {
    "": {
      "name": "worldCereal-features2placesGenerator",
      "version": "0.0.1",
      "dependencies": {
        "@turf/envelope": "^6.5.0",
        "uuid": "^9.0.0",
        "validator": "^13.7.0"
      }
    },
    "node_modules/@turf/bbox": {
      "version": "6.5.0",
      "resolved": "https://registry.npmjs.org/@turf/bbox/-/bbox-6.5.0.tgz",
      "integrity": "sha512-RBbLaao5hXTYyyg577iuMtDB8ehxMlUqHEJiMs8jT1GHkFhr6sYre3lmLsPeYEi/ZKj5TP5tt7fkzNdJ4GIVyw==",
      "dependencies": {
        "@turf/helpers": "^6.5.0",
        "@turf/meta": "^6.5.0"
      },
      "funding": {
        "url": "https://opencollective.com/turf"
      }
    },
    "node_modules/@turf/bbox-polygon": {
      "version": "6.5.0",
      "resolved": "https://registry.npmjs.org/@turf/bbox-polygon/-/bbox-polygon-6.5.0.tgz",
      "integrity": "sha512-+/r0NyL1lOG3zKZmmf6L8ommU07HliP4dgYToMoTxqzsWzyLjaj/OzgQ8rBmv703WJX+aS6yCmLuIhYqyufyuw==",
      "dependencies": {
        "@turf/helpers": "^6.5.0"
      },
      "funding": {
        "url": "https://opencollective.com/turf"
      }
    },
    "node_modules/@turf/envelope": {
      "version": "6.5.0",
      "resolved": "https://registry.npmjs.org/@turf/envelope/-/envelope-6.5.0.tgz",
      "integrity": "sha512-9Z+FnBWvOGOU4X+fMZxYFs1HjFlkKqsddLuMknRaqcJd6t+NIv5DWvPtDL8ATD2GEExYDiFLwMdckfr1yqJgHA==",
      "dependencies": {
        "@turf/bbox": "^6.5.0",
        "@turf/bbox-polygon": "^6.5.0",
        "@turf/helpers": "^6.5.0"
      },
      "funding": {
        "url": "https://opencollective.com/turf"
      }
    },
    "node_modules/@turf/helpers": {
      "version": "6.5.0",
      "resolved": "https://registry.npmjs.org/@turf/helpers/-/helpers-6.5.0.tgz",
      "integrity": "sha512-VbI1dV5bLFzohYYdgqwikdMVpe7pJ9X3E+dlr425wa2/sMJqYDhTO++ec38/pcPvPE6oD9WEEeU3Xu3gza+VPw==",
      "funding": {
        "url": "https://opencollective.com/turf"
      }
    },
    "node_modules/@turf/meta": {
      "version": "6.5.0",
      "resolved": "https://registry.npmjs.org/@turf/meta/-/meta-6.5.0.tgz",
      "integrity": "sha512-RrArvtsV0vdsCBegoBtOalgdSOfkBrTJ07VkpiCnq/491W67hnMWmDu7e6Ztw0C3WldRYTXkg3SumfdzZxLBHA==",
      "dependencies": {
        "@turf/helpers": "^6.5.0"
      },
      "funding": {
        "url": "https://opencollective.com/turf"
      }
    },
    "node_modules/uuid": {
      "version": "9.0.0",
      "resolved": "https://registry.npmjs.org/uuid/-/uuid-9.0.0.tgz",
      "integrity": "sha512-MXcSTerfPa4uqyzStbRoTgt5XIe3x5+42+q1sDuy3R5MDk66URdLMOZe5aPX/SQd+kuYAh0FdP/pO28IkQyTeg==",
      "bin": {
        "uuid": "dist/bin/uuid"
      }
    },
    "node_modules/validator": {
      "version": "13.7.0",
      "resolved": "https://registry.npmjs.org/validator/-/validator-13.7.0.tgz",
      "integrity": "sha512-nYXQLCBkpJ8X6ltALua9dRrZDHVYxjJ1wgskNt1lH9fzGjs3tgojGSCBjmEPwkWS1y29+DrizMTW19Pr9uB2nw==",
      "engines": {
        "node": ">= 0.10"
      }
    }
  },
  "dependencies": {
    "@turf/bbox": {
      "version": "6.5.0",
      "resolved": "https://registry.npmjs.org/@turf/bbox/-/bbox-6.5.0.tgz",
      "integrity": "sha512-RBbLaao5hXTYyyg577iuMtDB8ehxMlUqHEJiMs8jT1GHkFhr6sYre3lmLsPeYEi/ZKj5TP5tt7fkzNdJ4GIVyw==",
      "requires": {
        "@turf/helpers": "^6.5.0",
        "@turf/meta": "^6.5.0"
      }
    },
    "@turf/bbox-polygon": {
      "version": "6.5.0",
      "resolved": "https://registry.npmjs.org/@turf/bbox-polygon/-/bbox-polygon-6.5.0.tgz",
      "integrity": "sha512-+/r0NyL1lOG3zKZmmf6L8ommU07HliP4dgYToMoTxqzsWzyLjaj/OzgQ8rBmv703WJX+aS6yCmLuIhYqyufyuw==",
      "requires": {
        "@turf/helpers": "^6.5.0"
      }
    },
    "@turf/envelope": {
      "version": "6.5.0",
      "resolved": "https://registry.npmjs.org/@turf/envelope/-/envelope-6.5.0.tgz",
      "integrity": "sha512-9Z+FnBWvOGOU4X+fMZxYFs1HjFlkKqsddLuMknRaqcJd6t+NIv5DWvPtDL8ATD2GEExYDiFLwMdckfr1yqJgHA==",
      "requires": {
        "@turf/bbox": "^6.5.0",
        "@turf/bbox-polygon": "^6.5.0",
        "@turf/helpers": "^6.5.0"
      }
    },
    "@turf/helpers": {
      "version": "6.5.0",
      "resolved": "https://registry.npmjs.org/@turf/helpers/-/helpers-6.5.0.tgz",
      "integrity": "sha512-VbI1dV5bLFzohYYdgqwikdMVpe7pJ9X3E+dlr425wa2/sMJqYDhTO++ec38/pcPvPE6oD9WEEeU3Xu3gza+VPw=="
    },
    "@turf/meta": {
      "version": "6.5.0",
      "resolved": "https://registry.npmjs.org/@turf/meta/-/meta-6.5.0.tgz",
      "integrity": "sha512-RrArvtsV0vdsCBegoBtOalgdSOfkBrTJ07VkpiCnq/491W67hnMWmDu7e6Ztw0C3WldRYTXkg3SumfdzZxLBHA==",
      "requires": {
        "@turf/helpers": "^6.5.0"
      }
    },
    "uuid": {
      "version": "9.0.0",
      "resolved": "https://registry.npmjs.org/uuid/-/uuid-9.0.0.tgz",
      "integrity": "sha512-MXcSTerfPa4uqyzStbRoTgt5XIe3x5+42+q1sDuy3R5MDk66URdLMOZe5aPX/SQd+kuYAh0FdP/pO28IkQyTeg=="
    },
    "validator": {
      "version": "13.7.0",
      "resolved": "https://registry.npmjs.org/validator/-/validator-13.7.0.tgz",
      "integrity": "sha512-nYXQLCBkpJ8X6ltALua9dRrZDHVYxjJ1wgskNt1lH9fzGjs3tgojGSCBjmEPwkWS1y29+DrizMTW19Pr9uB2nw=="
    }
  }
}
